
Microsoft Visual Studio Solution File, Format Version 12.00
# Visual Studio Version 16
VisualStudioVersion = 16.0.33214.272
MinimumVisualStudioVersion = 10.0.40219.1
Project("{FAE04EC0-301F-11D3-BF4B-00C04F79EFBC}") = "Mission06_km2264", "Mission06_km2264\Mission06_km2264.csproj", "{285C99D1-32DE-4DA9-A33C-48293345DA03}"
EndProject
Global
	GlobalSection(SolutionConfigurationPlatforms) = preSolution
		Debug|Any CPU = Debug|Any CPU
		Release|Any CPU = Release|Any CPU
	EndGlobalSection
	GlobalSection(ProjectConfigurationPlatforms) = postSolution
		{285C99D1-32DE-4DA9-A33C-48293345DA03}.Debug|Any CPU.ActiveCfg = Debug|Any CPU
		{285C99D1-32DE-4DA9-A33C-48293345DA03}.Debug|Any CPU.Build.0 = Debug|Any CPU
		{285C99D1-32DE-4DA9-A33C-48293345DA03}.Release|Any CPU.ActiveCfg = Release|Any CPU
		{285C99D1-32DE-4DA9-A33C-48293345DA03}.Release|Any CPU.Build.0 = Release|Any CPU
	EndGlobalSection
	GlobalSection(SolutionProperties) = preSolution
		HideSolutionNode = FALSE
	EndGlobalSection
	GlobalSection(ExtensibilityGlobals) = postSolution
		SolutionGuid = {3319F925-B71E-4739-BDDF-5E09C5BF36AA}
	EndGlobalSection
EndGlobal
